
Microsoft Visual Studio Solution File, Format Version 12.00
# Visual Studio Version 17
VisualStudioVersion = 17.0.32112.339
MinimumVisualStudioVersion = 10.0.40219.1
Project("{FAE04EC0-301F-11D3-BF4B-00C04F79EFBC}") = "MvcMovie", "MvcMovie\MvcMovie.csproj", "{DA43D991-5A09-4C16-B234-C495CD6C51FE}"
EndProject
Global
	GlobalSection(SolutionConfigurationPlatforms) = preSolution
		Debug|Any CPU = Debug|Any CPU
		Release|Any CPU = Release|Any CPU
	EndGlobalSection
	GlobalSection(ProjectConfigurationPlatforms) = postSolution
		{DA43D991-5A09-4C16-B234-C495CD6C51FE}.Debug|Any CPU.ActiveCfg = Debug|Any CPU
		{DA43D991-5A09-4C16-B234-C495CD6C51FE}.Debug|Any CPU.Build.0 = Debug|Any CPU
		{DA43D991-5A09-4C16-B234-C495CD6C51FE}.Release|Any CPU.ActiveCfg = Release|Any CPU
		{DA43D991-5A09-4C16-B234-C495CD6C51FE}.Release|Any CPU.Build.0 = Release|Any CPU
	EndGlobalSection
	GlobalSection(SolutionProperties) = preSolution
		HideSolutionNode = FALSE
	EndGlobalSection
	GlobalSection(ExtensibilityGlobals) = postSolution
		SolutionGuid = {C89B2C16-F8A3-46C7-8D0E-3A03E9109FFD}
	EndGlobalSection
EndGlobal
